{
	"name": "@beta-lyfe/docs-api",
	"version": "0.0.0",
	"lockfileVersion": 3,
	"requires": true,
	"packages": {
		"": {
			"name": "@beta-lyfe/docs-api",
			"version": "0.0.0",
			"dependencies": {
				"@beta-lyfe/docs-api": "file:",
				"@scalar/api-reference": "^1.25.21",
				"@scalar/api-reference-react": "^0.3.97",
				"react": "^18.3.1",
				"react-dom": "^18.3.1"
			},
			"devDependencies": {
				"@types/node": "^22.7.2",
				"@types/react": "^18.3.9",
				"@types/react-dom": "^18.3.0",
				"@typespec/compiler": "^0.60.1",
				"@typespec/http": "^0.60.0",
				"@typespec/openapi3": "^0.60.0",
				"@typespec/rest": "^0.60.0",
				"@vitejs/plugin-react-swc": "^3.7.0",
				"typescript": "^5.6.2",
				"vite": "^5.4.8"
			}
		},
		"../../node_modules/.pnpm/@scalar+api-reference-react@0.3.166_@hyperjump+browser@1.2.0_axios@1.7.9_change-case@5.4.4_re_ooo5li7pminn5njjo5geptzkhy/node_modules/@scalar/api-reference-react": {
			"version": "0.3.166",
			"license": "MIT",
			"dependencies": {
				"@scalar/api-reference": "1.25.90"
			},
			"devDependencies": {
				"@scalar/galaxy": "0.2.16",
				"@types/react": "^18.2.60",
				"@types/react-dom": "^18.2.19",
				"@vitejs/plugin-react": "^4.2.1",
				"character-entities": "^2.0.2",
				"decode-named-character-reference": "^1.0.2",
				"path": "^0.12.7",
				"random-words": "^2.0.1",
				"react-dom": "^18.3.1",
				"vite": "^5.4.10",
				"vite-plugin-dts": "^3.6.3",
				"vue": "^3.5.12"
			},
			"engines": {
				"node": ">=18"
			},
			"peerDependencies": {
				"react": "^18.0.0 || ^19.0.0"
			}
		},
		"../../node_modules/.pnpm/@scalar+api-reference@1.25.106_@hyperjump+browser@1.2.0_axios@1.7.9_change-case@5.4.4_tailwin_6qyuwfyjxcnqxe6d4dn2lvflmy/node_modules/@scalar/api-reference": {
			"version": "1.25.106",
			"license": "MIT",
			"dependencies": {
				"@floating-ui/vue": "^1.0.2",
				"@headlessui/vue": "^1.7.20",
				"@scalar/api-client": "2.2.35",
				"@scalar/code-highlight": "0.0.20",
				"@scalar/components": "0.13.15",
				"@scalar/oas-utils": "0.2.98",
				"@scalar/openapi-parser": "0.10.4",
				"@scalar/openapi-types": "0.1.6",
				"@scalar/snippetz": "0.2.10",
				"@scalar/themes": "0.9.61",
				"@scalar/types": "0.0.27",
				"@scalar/use-hooks": "0.1.15",
				"@scalar/use-toasts": "0.7.8",
				"@unhead/vue": "^1.11.11",
				"@vueuse/core": "^10.10.0",
				"fuse.js": "^7.0.0",
				"github-slugger": "^2.0.0",
				"nanoid": "^5.0.7",
				"vue": "^3.5.12"
			},
			"devDependencies": {
				"@scalar/build-tooling": "0.1.12",
				"@scalar/galaxy": "0.2.17",
				"@vitejs/plugin-vue": "^5.0.4",
				"@vue/server-renderer": "^3.5.13",
				"@vue/test-utils": "^2.4.1",
				"autoprefixer": "^10.4.19",
				"postcss": "^8.4.38",
				"rollup-plugin-webpack-stats": "^0.2.5",
				"tailwindcss": "^3.4.4",
				"vite": "^5.4.10",
				"vite-plugin-banner": "^0.7.1",
				"vite-plugin-css-injected-by-js": "^3.4.0",
				"vitest": "^1.6.0"
			},
			"engines": {
				"node": ">=18"
			}
		},
		"../../node_modules/.pnpm/@types+node@22.10.7/node_modules/@types/node": {
			"version": "22.10.7",
			"dev": true,
			"license": "MIT",
			"dependencies": {
				"undici-types": "~6.20.0"
			}
		},
		"../../node_modules/.pnpm/@types+react-dom@18.3.5_@types+react@18.3.18/node_modules/@types/react-dom": {
			"version": "18.3.5",
			"dev": true,
			"license": "MIT",
			"peerDependencies": {
				"@types/react": "^18.0.0"
			}
		},
		"../../node_modules/.pnpm/@types+react@18.3.18/node_modules/@types/react": {
			"version": "18.3.18",
			"dev": true,
			"license": "MIT",
			"dependencies": {
				"@types/prop-types": "*",
				"csstype": "^3.0.2"
			}
		},
		"../../node_modules/.pnpm/@typespec+compiler@0.60.1/node_modules/@typespec/compiler": {
			"version": "0.60.1",
			"dev": true,
			"license": "MIT",
			"dependencies": {
				"@babel/code-frame": "~7.24.7",
				"ajv": "~8.17.1",
				"change-case": "~5.4.4",
				"globby": "~14.0.2",
				"mustache": "~4.2.0",
				"picocolors": "~1.0.1",
				"prettier": "~3.3.3",
				"prompts": "~2.4.2",
				"semver": "^7.6.3",
				"temporal-polyfill": "^0.2.5",
				"vscode-languageserver": "~9.0.1",
				"vscode-languageserver-textdocument": "~1.0.11",
				"yaml": "~2.4.5",
				"yargs": "~17.7.2"
			},
			"bin": {
				"tsp": "cmd/tsp.js",
				"tsp-server": "cmd/tsp-server.js"
			},
			"devDependencies": {
				"@types/babel__code-frame": "~7.0.6",
				"@types/mustache": "~4.2.5",
				"@types/node": "~18.11.19",
				"@types/prompts": "~2.4.9",
				"@types/semver": "^7.5.8",
				"@types/yargs": "~17.0.32",
				"@typespec/internal-build-utils": "~0.60.0",
				"@vitest/coverage-v8": "^2.0.4",
				"@vitest/ui": "^2.0.4",
				"c8": "^10.1.2",
				"grammarkdown": "~3.3.2",
				"rimraf": "~6.0.1",
				"source-map-support": "~0.5.21",
				"tmlanguage-generator": "~0.5.8",
				"ts-node": "~10.9.2",
				"typescript": "~5.5.4",
				"vitest": "^2.0.4",
				"vscode-oniguruma": "~2.0.1",
				"vscode-textmate": "~9.1.0"
			},
			"engines": {
				"node": ">=18.0.0"
			}
		},
		"../../node_modules/.pnpm/@typespec+http@0.60.0_@typespec+compiler@0.60.1/node_modules/@typespec/http": {
			"version": "0.60.0",
			"dev": true,
			"license": "MIT",
			"devDependencies": {
				"@types/node": "~18.11.19",
				"@typespec/compiler": "~0.60.0",
				"@typespec/library-linter": "~0.60.0",
				"@typespec/tspd": "~0.46.0",
				"@vitest/coverage-v8": "^2.0.4",
				"@vitest/ui": "^2.0.4",
				"c8": "^10.1.2",
				"rimraf": "~6.0.1",
				"typescript": "~5.5.4",
				"vitest": "^2.0.4"
			},
			"engines": {
				"node": ">=18.0.0"
			},
			"peerDependencies": {
				"@typespec/compiler": "~0.60.0"
			}
		},
		"../../node_modules/.pnpm/@typespec+openapi3@0.60.0_@typespec+compiler@0.60.1_@typespec+http@0.60.0_@typespec+compiler@_k3i4mcnhmjxuu7i3qsz7poesye/node_modules/@typespec/openapi3": {
			"version": "0.60.0",
			"dev": true,
			"license": "MIT",
			"dependencies": {
				"@readme/openapi-parser": "~2.6.0",
				"yaml": "~2.4.5"
			},
			"bin": {
				"tsp-openapi3": "cmd/tsp-openapi3.js"
			},
			"devDependencies": {
				"@types/node": "~18.11.19",
				"@types/yargs": "~17.0.32",
				"@typespec/compiler": "~0.60.0",
				"@typespec/http": "~0.60.0",
				"@typespec/library-linter": "~0.60.0",
				"@typespec/openapi": "~0.60.0",
				"@typespec/rest": "~0.60.0",
				"@typespec/tspd": "~0.46.0",
				"@typespec/versioning": "~0.60.0",
				"@vitest/coverage-v8": "^2.0.4",
				"@vitest/ui": "^2.0.4",
				"c8": "^10.1.2",
				"cross-env": "~7.0.3",
				"rimraf": "~6.0.1",
				"typescript": "~5.5.4",
				"vitest": "^2.0.4"
			},
			"engines": {
				"node": ">=18.0.0"
			},
			"peerDependencies": {
				"@typespec/compiler": "~0.60.0",
				"@typespec/http": "~0.60.0",
				"@typespec/openapi": "~0.60.0",
				"@typespec/versioning": "~0.60.0"
			}
		},
		"../../node_modules/.pnpm/@typespec+rest@0.60.0_@typespec+compiler@0.60.1_@typespec+http@0.60.0_@typespec+compiler@0.60.1_/node_modules/@typespec/rest": {
			"version": "0.60.0",
			"dev": true,
			"license": "MIT",
			"devDependencies": {
				"@types/node": "~18.11.19",
				"@typespec/compiler": "~0.60.0",
				"@typespec/http": "~0.60.0",
				"@typespec/library-linter": "~0.60.0",
				"@typespec/tspd": "~0.46.0",
				"@vitest/coverage-v8": "^2.0.4",
				"@vitest/ui": "^2.0.4",
				"c8": "^10.1.2",
				"rimraf": "~6.0.1",
				"typescript": "~5.5.4",
				"vitest": "^2.0.4"
			},
			"engines": {
				"node": ">=18.0.0"
			},
			"peerDependencies": {
				"@typespec/compiler": "~0.60.0",
				"@typespec/http": "~0.60.0"
			}
		},
		"../../node_modules/.pnpm/@vitejs+plugin-react-swc@3.7.2_@swc+helpers@0.5.15_vite@5.4.14_@types+node@22.10.7_terser@5.37.0_/node_modules/@vitejs/plugin-react-swc": {
			"version": "3.7.2",
			"dev": true,
			"license": "MIT",
			"dependencies": {
				"@swc/core": "^1.7.26"
			},
			"peerDependencies": {
				"vite": "^4 || ^5 || ^6"
			}
		},
		"../../node_modules/.pnpm/react-dom@18.3.1_react@18.3.1/node_modules/react-dom": {
			"version": "18.3.1",
			"license": "MIT",
			"dependencies": {
				"loose-envify": "^1.1.0",
				"scheduler": "^0.23.2"
			},
			"peerDependencies": {
				"react": "^18.3.1"
			}
		},
		"../../node_modules/.pnpm/react@18.3.1/node_modules/react": {
			"version": "18.3.1",
			"license": "MIT",
			"dependencies": {
				"loose-envify": "^1.1.0"
			},
			"engines": {
				"node": ">=0.10.0"
			}
		},
		"../../node_modules/.pnpm/typescript@5.6.3/node_modules/typescript": {
			"version": "5.6.3",
			"dev": true,
			"license": "Apache-2.0",
			"bin": {
				"tsc": "bin/tsc",
				"tsserver": "bin/tsserver"
			},
			"devDependencies": {
				"@dprint/formatter": "^0.4.1",
				"@dprint/typescript": "0.91.6",
				"@esfx/canceltoken": "^1.0.0",
				"@eslint/js": "^9.9.0",
				"@octokit/rest": "^21.0.1",
				"@types/chai": "^4.3.17",
				"@types/diff": "^5.2.1",
				"@types/minimist": "^1.2.5",
				"@types/mocha": "^10.0.7",
				"@types/ms": "^0.7.34",
				"@types/node": "latest",
				"@types/source-map-support": "^0.5.10",
				"@types/which": "^3.0.4",
				"@typescript-eslint/rule-tester": "^8.1.0",
				"@typescript-eslint/type-utils": "^8.1.0",
				"@typescript-eslint/utils": "^8.1.0",
				"azure-devops-node-api": "^14.0.2",
				"c8": "^10.1.2",
				"chai": "^4.5.0",
				"chalk": "^4.1.2",
				"chokidar": "^3.6.0",
				"diff": "^5.2.0",
				"dprint": "^0.47.2",
				"esbuild": "^0.23.0",
				"eslint": "^9.9.0",
				"eslint-formatter-autolinkable-stylish": "^1.4.0",
				"eslint-plugin-regexp": "^2.6.0",
				"fast-xml-parser": "^4.4.1",
				"glob": "^10.4.5",
				"globals": "^15.9.0",
				"hereby": "^1.9.0",
				"jsonc-parser": "^3.3.1",
				"knip": "^5.27.2",
				"minimist": "^1.2.8",
				"mocha": "^10.7.3",
				"mocha-fivemat-progress-reporter": "^0.1.0",
				"monocart-coverage-reports": "^2.10.2",
				"ms": "^2.1.3",
				"node-fetch": "^3.3.2",
				"playwright": "^1.46.0",
				"source-map-support": "^0.5.21",
				"tslib": "^2.6.3",
				"typescript": "^5.5.4",
				"typescript-eslint": "^8.1.0",
				"which": "^3.0.1"
			},
			"engines": {
				"node": ">=14.17"
			}
		},
		"../../node_modules/.pnpm/vite@5.4.14_@types+node@22.10.7_terser@5.37.0/node_modules/vite": {
			"version": "5.4.14",
			"dev": true,
			"license": "MIT",
			"dependencies": {
				"esbuild": "^0.21.3",
				"postcss": "^8.4.43",
				"rollup": "^4.20.0"
			},
			"bin": {
				"vite": "bin/vite.js"
			},
			"devDependencies": {
				"@ampproject/remapping": "^2.3.0",
				"@babel/parser": "^7.25.6",
				"@jridgewell/trace-mapping": "^0.3.25",
				"@polka/compression": "^1.0.0-next.25",
				"@rollup/plugin-alias": "^5.1.0",
				"@rollup/plugin-commonjs": "^26.0.1",
				"@rollup/plugin-dynamic-import-vars": "^2.1.2",
				"@rollup/plugin-json": "^6.1.0",
				"@rollup/plugin-node-resolve": "15.2.3",
				"@rollup/pluginutils": "^5.1.0",
				"@types/escape-html": "^1.0.4",
				"@types/pnpapi": "^0.0.5",
				"artichokie": "^0.2.1",
				"cac": "^6.7.14",
				"chokidar": "^3.6.0",
				"connect": "^3.7.0",
				"convert-source-map": "^2.0.0",
				"cors": "^2.8.5",
				"cross-spawn": "^7.0.3",
				"debug": "^4.3.6",
				"dep-types": "link:./src/types",
				"dotenv": "^16.4.5",
				"dotenv-expand": "^11.0.6",
				"es-module-lexer": "^1.5.4",
				"escape-html": "^1.0.3",
				"estree-walker": "^3.0.3",
				"etag": "^1.8.1",
				"fast-glob": "^3.3.2",
				"http-proxy": "^1.18.1",
				"launch-editor-middleware": "^2.9.1",
				"lightningcss": "^1.26.0",
				"magic-string": "^0.30.11",
				"micromatch": "^4.0.8",
				"mlly": "^1.7.1",
				"mrmime": "^2.0.0",
				"open": "^8.4.2",
				"parse5": "^7.1.2",
				"pathe": "^1.1.2",
				"periscopic": "^4.0.2",
				"picocolors": "^1.0.1",
				"picomatch": "^2.3.1",
				"postcss-import": "^16.1.0",
				"postcss-load-config": "^4.0.2",
				"postcss-modules": "^6.0.0",
				"resolve.exports": "^2.0.2",
				"rollup-plugin-dts": "^6.1.1",
				"rollup-plugin-esbuild": "^6.1.1",
				"rollup-plugin-license": "^3.5.2",
				"sass": "^1.77.8",
				"sass-embedded": "^1.77.8",
				"sirv": "^2.0.4",
				"source-map-support": "^0.5.21",
				"strip-ansi": "^7.1.0",
				"strip-literal": "^2.1.0",
				"tsconfck": "^3.1.4",
				"tslib": "^2.7.0",
				"types": "link:./types",
				"ufo": "^1.5.4",
				"ws": "^8.18.0"
			},
			"engines": {
				"node": "^18.0.0 || >=20.0.0"
			},
			"funding": {
				"url": "https://github.com/vitejs/vite?sponsor=1"
			},
			"optionalDependencies": {
				"fsevents": "~2.3.3"
			},
			"peerDependencies": {
				"@types/node": "^18.0.0 || >=20.0.0",
				"less": "*",
				"lightningcss": "^1.21.0",
				"sass": "*",
				"sass-embedded": "*",
				"stylus": "*",
				"sugarss": "*",
				"terser": "^5.4.0"
			},
			"peerDependenciesMeta": {
				"@types/node": {
					"optional": true
				},
				"less": {
					"optional": true
				},
				"lightningcss": {
					"optional": true
				},
				"sass": {
					"optional": true
				},
				"sass-embedded": {
					"optional": true
				},
				"stylus": {
					"optional": true
				},
				"sugarss": {
					"optional": true
				},
				"terser": {
					"optional": true
				}
			}
		},
		"node_modules/.pnpm/prettier@3.3.3/node_modules/prettier": {
			"version": "3.3.3",
			"extraneous": true,
			"license": "MIT",
			"bin": {
				"prettier": "bin/prettier.cjs"
			},
			"engines": {
				"node": ">=14"
			},
			"funding": {
				"url": "https://github.com/prettier/prettier?sponsor=1"
			}
		},
		"node_modules/@beta-lyfe/docs-api": {
			"resolved": "",
			"link": true
		},
		"node_modules/@scalar/api-reference": {
			"resolved": "../../node_modules/.pnpm/@scalar+api-reference@1.25.106_@hyperjump+browser@1.2.0_axios@1.7.9_change-case@5.4.4_tailwin_6qyuwfyjxcnqxe6d4dn2lvflmy/node_modules/@scalar/api-reference",
			"link": true
		},
		"node_modules/@scalar/api-reference-react": {
			"resolved": "../../node_modules/.pnpm/@scalar+api-reference-react@0.3.166_@hyperjump+browser@1.2.0_axios@1.7.9_change-case@5.4.4_re_ooo5li7pminn5njjo5geptzkhy/node_modules/@scalar/api-reference-react",
			"link": true
		},
		"node_modules/@types/node": {
			"resolved": "../../node_modules/.pnpm/@types+node@22.10.7/node_modules/@types/node",
			"link": true
		},
		"node_modules/@types/react": {
			"resolved": "../../node_modules/.pnpm/@types+react@18.3.18/node_modules/@types/react",
			"link": true
		},
		"node_modules/@types/react-dom": {
			"resolved": "../../node_modules/.pnpm/@types+react-dom@18.3.5_@types+react@18.3.18/node_modules/@types/react-dom",
			"link": true
		},
		"node_modules/@typespec/compiler": {
			"resolved": "../../node_modules/.pnpm/@typespec+compiler@0.60.1/node_modules/@typespec/compiler",
			"link": true
		},
		"node_modules/@typespec/http": {
			"resolved": "../../node_modules/.pnpm/@typespec+http@0.60.0_@typespec+compiler@0.60.1/node_modules/@typespec/http",
			"link": true
		},
		"node_modules/@typespec/openapi3": {
			"resolved": "../../node_modules/.pnpm/@typespec+openapi3@0.60.0_@typespec+compiler@0.60.1_@typespec+http@0.60.0_@typespec+compiler@_k3i4mcnhmjxuu7i3qsz7poesye/node_modules/@typespec/openapi3",
			"link": true
		},
		"node_modules/@typespec/rest": {
			"resolved": "../../node_modules/.pnpm/@typespec+rest@0.60.0_@typespec+compiler@0.60.1_@typespec+http@0.60.0_@typespec+compiler@0.60.1_/node_modules/@typespec/rest",
			"link": true
		},
		"node_modules/@vitejs/plugin-react-swc": {
			"resolved": "../../node_modules/.pnpm/@vitejs+plugin-react-swc@3.7.2_@swc+helpers@0.5.15_vite@5.4.14_@types+node@22.10.7_terser@5.37.0_/node_modules/@vitejs/plugin-react-swc",
			"link": true
		},
		"node_modules/react": {
			"resolved": "../../node_modules/.pnpm/react@18.3.1/node_modules/react",
			"link": true
		},
		"node_modules/react-dom": {
			"resolved": "../../node_modules/.pnpm/react-dom@18.3.1_react@18.3.1/node_modules/react-dom",
			"link": true
		},
		"node_modules/typescript": {
			"resolved": "../../node_modules/.pnpm/typescript@5.6.3/node_modules/typescript",
			"link": true
		},
		"node_modules/vite": {
			"resolved": "../../node_modules/.pnpm/vite@5.4.14_@types+node@22.10.7_terser@5.37.0/node_modules/vite",
			"link": true
		}
	}
}
