{
	"name": "@beta-lyfe/media-server",
	"version": "0.0.0",
	"lockfileVersion": 3,
	"requires": true,
	"packages": {
		"": {
			"name": "@beta-lyfe/media-server",
			"version": "0.0.0",
			"license": "ISC",
			"dependencies": {
				"@beta-lyfe/media-server": "file:"
			},
			"devDependencies": {
				"@types/node": "^22.13.13"
			}
		},
		"../../node_modules/.pnpm/@types+node@22.13.13/node_modules/@types/node": {
			"version": "22.13.13",
			"dev": true,
			"license": "MIT",
			"dependencies": {
				"undici-types": "~6.20.0"
			}
		},
		"node_modules/@beta-lyfe/media-server": {
			"resolved": "",
			"link": true
		},
		"node_modules/@types/node": {
			"resolved": "../../node_modules/.pnpm/@types+node@22.13.13/node_modules/@types/node",
			"link": true
		}
	}
}
